
Microsoft Visual Studio Solution File, Format Version 12.00
# Visual Studio Version 17
VisualStudioVersion = 17.3.32929.385
MinimumVisualStudioVersion = 10.0.40219.1
Project("{FAE04EC0-301F-11D3-BF4B-00C04F79EFBC}") = "TLService", "TLService\TLService.csproj", "{A3972EBF-6EFF-4708-A704-1ED3DE4F50A1}"
EndProject
Project("{FAE04EC0-301F-11D3-BF4B-00C04F79EFBC}") = "TLServiceUnitTest", "TLServiceUnitTest\TLServiceUnitTest.csproj", "{9F7E31B0-3D62-4AE5-8E2B-BEF6864A50C7}"
EndProject
Global
	GlobalSection(SolutionConfigurationPlatforms) = preSolution
		Debug|Any CPU = Debug|Any CPU
		Release|Any CPU = Release|Any CPU
	EndGlobalSection
	GlobalSection(ProjectConfigurationPlatforms) = postSolution
		{A3972EBF-6EFF-4708-A704-1ED3DE4F50A1}.Debug|Any CPU.ActiveCfg = Debug|Any CPU
		{A3972EBF-6EFF-4708-A704-1ED3DE4F50A1}.Debug|Any CPU.Build.0 = Debug|Any CPU
		{A3972EBF-6EFF-4708-A704-1ED3DE4F50A1}.Release|Any CPU.ActiveCfg = Release|Any CPU
		{A3972EBF-6EFF-4708-A704-1ED3DE4F50A1}.Release|Any CPU.Build.0 = Release|Any CPU
		{9F7E31B0-3D62-4AE5-8E2B-BEF6864A50C7}.Debug|Any CPU.ActiveCfg = Debug|Any CPU
		{9F7E31B0-3D62-4AE5-8E2B-BEF6864A50C7}.Debug|Any CPU.Build.0 = Debug|Any CPU
		{9F7E31B0-3D62-4AE5-8E2B-BEF6864A50C7}.Release|Any CPU.ActiveCfg = Release|Any CPU
		{9F7E31B0-3D62-4AE5-8E2B-BEF6864A50C7}.Release|Any CPU.Build.0 = Release|Any CPU
	EndGlobalSection
	GlobalSection(SolutionProperties) = preSolution
		HideSolutionNode = FALSE
	EndGlobalSection
	GlobalSection(ExtensibilityGlobals) = postSolution
		SolutionGuid = {B14247F3-2774-4773-903A-EA4643B0D01A}
	EndGlobalSection
EndGlobal
